
Microsoft Visual Studio Solution File, Format Version 12.00
# Visual Studio 15
VisualStudioVersion = 15.0.28307.1831
MinimumVisualStudioVersion = 10.0.40219.1
Project("{FAE04EC0-301F-11D3-BF4B-00C04F79EFBC}") = "CursoCSharp", "CursoCSharp.csproj", "{AF1B88FF-0575-4354-ABD6-501FBB16FCEA}"
EndProject
Project("{FAE04EC0-301F-11D3-BF4B-00C04F79EFBC}") = "Encapsulamento", "Encapsulamento\Encapsulamento.csproj", "{A6A7B10B-2AA3-4398-B770-5069EB4680B9}"
EndProject
Global
	GlobalSection(SolutionConfigurationPlatforms) = preSolution
		Debug|Any CPU = Debug|Any CPU
		Release|Any CPU = Release|Any CPU
	EndGlobalSection
	GlobalSection(ProjectConfigurationPlatforms) = postSolution
		{AF1B88FF-0575-4354-ABD6-501FBB16FCEA}.Debug|Any CPU.ActiveCfg = Debug|Any CPU
		{AF1B88FF-0575-4354-ABD6-501FBB16FCEA}.Debug|Any CPU.Build.0 = Debug|Any CPU
		{AF1B88FF-0575-4354-ABD6-501FBB16FCEA}.Release|Any CPU.ActiveCfg = Release|Any CPU
		{AF1B88FF-0575-4354-ABD6-501FBB16FCEA}.Release|Any CPU.Build.0 = Release|Any CPU
		{A6A7B10B-2AA3-4398-B770-5069EB4680B9}.Debug|Any CPU.ActiveCfg = Debug|Any CPU
		{A6A7B10B-2AA3-4398-B770-5069EB4680B9}.Debug|Any CPU.Build.0 = Debug|Any CPU
		{A6A7B10B-2AA3-4398-B770-5069EB4680B9}.Release|Any CPU.ActiveCfg = Release|Any CPU
		{A6A7B10B-2AA3-4398-B770-5069EB4680B9}.Release|Any CPU.Build.0 = Release|Any CPU
	EndGlobalSection
	GlobalSection(SolutionProperties) = preSolution
		HideSolutionNode = FALSE
	EndGlobalSection
	GlobalSection(ExtensibilityGlobals) = postSolution
		SolutionGuid = {35076B4C-14BA-4EC5-843E-A09B08F46D8E}
	EndGlobalSection
EndGlobal
